
Microsoft Visual Studio Solution File, Format Version 12.00
# Visual Studio 2013
VisualStudioVersion = 12.0.21005.1
MinimumVisualStudioVersion = 10.0.40219.1
Project("{FAE04EC0-301F-11D3-BF4B-00C04F79EFBC}") = "PrototypeRPG.Mac", "PrototypeRPG.Mac\PrototypeRPG.Mac.csproj", "{0F5536AC-2292-4A78-A9ED-355B81A83365}"
EndProject
Project("{FAE04EC0-301F-11D3-BF4B-00C04F79EFBC}") = "PrototypeRPG.Traits", "PrototypeRPG.Traits\PrototypeRPG.Traits.csproj", "{A2AE5E2B-744F-4894-84D0-79BD6BCA4386}"
EndProject
Project("{FAE04EC0-301F-11D3-BF4B-00C04F79EFBC}") = "PrototypeRPG.Windows", "PrototypeRPG.Windows\PrototypeRPG.Windows.csproj", "{EF048D98-1301-4A40-A1A1-3375DE5F58EB}"
EndProject
Global
	GlobalSection(SolutionConfigurationPlatforms) = preSolution
		AppStore|Any CPU = AppStore|Any CPU
		AppStore|Mixed Platforms = AppStore|Mixed Platforms
		AppStore|x86 = AppStore|x86
		Debug|Any CPU = Debug|Any CPU
		Debug|Mixed Platforms = Debug|Mixed Platforms
		Debug|x86 = Debug|x86
		Release|Any CPU = Release|Any CPU
		Release|Mixed Platforms = Release|Mixed Platforms
		Release|x86 = Release|x86
	EndGlobalSection
	GlobalSection(ProjectConfigurationPlatforms) = postSolution
		{0F5536AC-2292-4A78-A9ED-355B81A83365}.AppStore|Any CPU.ActiveCfg = AppStore|Any CPU
		{0F5536AC-2292-4A78-A9ED-355B81A83365}.AppStore|Any CPU.Build.0 = AppStore|Any CPU
		{0F5536AC-2292-4A78-A9ED-355B81A83365}.AppStore|Mixed Platforms.ActiveCfg = AppStore|Any CPU
		{0F5536AC-2292-4A78-A9ED-355B81A83365}.AppStore|x86.ActiveCfg = AppStore|Any CPU
		{0F5536AC-2292-4A78-A9ED-355B81A83365}.Debug|Any CPU.ActiveCfg = Debug|Any CPU
		{0F5536AC-2292-4A78-A9ED-355B81A83365}.Debug|Any CPU.Build.0 = Debug|Any CPU
		{0F5536AC-2292-4A78-A9ED-355B81A83365}.Debug|Mixed Platforms.ActiveCfg = Debug|Any CPU
		{0F5536AC-2292-4A78-A9ED-355B81A83365}.Debug|x86.ActiveCfg = Debug|Any CPU
		{0F5536AC-2292-4A78-A9ED-355B81A83365}.Release|Any CPU.ActiveCfg = Release|Any CPU
		{0F5536AC-2292-4A78-A9ED-355B81A83365}.Release|Any CPU.Build.0 = Release|Any CPU
		{0F5536AC-2292-4A78-A9ED-355B81A83365}.Release|Mixed Platforms.ActiveCfg = Release|Any CPU
		{0F5536AC-2292-4A78-A9ED-355B81A83365}.Release|x86.ActiveCfg = Release|Any CPU
		{A2AE5E2B-744F-4894-84D0-79BD6BCA4386}.AppStore|Any CPU.ActiveCfg = Release|Any CPU
		{A2AE5E2B-744F-4894-84D0-79BD6BCA4386}.AppStore|Any CPU.Build.0 = Release|Any CPU
		{A2AE5E2B-744F-4894-84D0-79BD6BCA4386}.AppStore|Mixed Platforms.ActiveCfg = Debug|Any CPU
		{A2AE5E2B-744F-4894-84D0-79BD6BCA4386}.AppStore|Mixed Platforms.Build.0 = Debug|Any CPU
		{A2AE5E2B-744F-4894-84D0-79BD6BCA4386}.AppStore|x86.ActiveCfg = Debug|Any CPU
		{A2AE5E2B-744F-4894-84D0-79BD6BCA4386}.Debug|Any CPU.ActiveCfg = Debug|Any CPU
		{A2AE5E2B-744F-4894-84D0-79BD6BCA4386}.Debug|Any CPU.Build.0 = Debug|Any CPU
		{A2AE5E2B-744F-4894-84D0-79BD6BCA4386}.Debug|Mixed Platforms.ActiveCfg = Debug|Any CPU
		{A2AE5E2B-744F-4894-84D0-79BD6BCA4386}.Debug|Mixed Platforms.Build.0 = Debug|Any CPU
		{A2AE5E2B-744F-4894-84D0-79BD6BCA4386}.Debug|x86.ActiveCfg = Debug|Any CPU
		{A2AE5E2B-744F-4894-84D0-79BD6BCA4386}.Release|Any CPU.ActiveCfg = Release|Any CPU
		{A2AE5E2B-744F-4894-84D0-79BD6BCA4386}.Release|Any CPU.Build.0 = Release|Any CPU
		{A2AE5E2B-744F-4894-84D0-79BD6BCA4386}.Release|Mixed Platforms.ActiveCfg = Release|Any CPU
		{A2AE5E2B-744F-4894-84D0-79BD6BCA4386}.Release|Mixed Platforms.Build.0 = Release|Any CPU
		{A2AE5E2B-744F-4894-84D0-79BD6BCA4386}.Release|x86.ActiveCfg = Release|Any CPU
		{EF048D98-1301-4A40-A1A1-3375DE5F58EB}.AppStore|Any CPU.ActiveCfg = Release|x86
		{EF048D98-1301-4A40-A1A1-3375DE5F58EB}.AppStore|Mixed Platforms.ActiveCfg = Release|x86
		{EF048D98-1301-4A40-A1A1-3375DE5F58EB}.AppStore|Mixed Platforms.Build.0 = Release|x86
		{EF048D98-1301-4A40-A1A1-3375DE5F58EB}.AppStore|x86.ActiveCfg = Release|x86
		{EF048D98-1301-4A40-A1A1-3375DE5F58EB}.AppStore|x86.Build.0 = Release|x86
		{EF048D98-1301-4A40-A1A1-3375DE5F58EB}.Debug|Any CPU.ActiveCfg = Debug|x86
		{EF048D98-1301-4A40-A1A1-3375DE5F58EB}.Debug|Mixed Platforms.ActiveCfg = Debug|x86
		{EF048D98-1301-4A40-A1A1-3375DE5F58EB}.Debug|Mixed Platforms.Build.0 = Debug|x86
		{EF048D98-1301-4A40-A1A1-3375DE5F58EB}.Debug|x86.ActiveCfg = Debug|x86
		{EF048D98-1301-4A40-A1A1-3375DE5F58EB}.Debug|x86.Build.0 = Debug|x86
		{EF048D98-1301-4A40-A1A1-3375DE5F58EB}.Release|Any CPU.ActiveCfg = Release|x86
		{EF048D98-1301-4A40-A1A1-3375DE5F58EB}.Release|Mixed Platforms.ActiveCfg = Release|x86
		{EF048D98-1301-4A40-A1A1-3375DE5F58EB}.Release|Mixed Platforms.Build.0 = Release|x86
		{EF048D98-1301-4A40-A1A1-3375DE5F58EB}.Release|x86.ActiveCfg = Release|x86
		{EF048D98-1301-4A40-A1A1-3375DE5F58EB}.Release|x86.Build.0 = Release|x86
	EndGlobalSection
	GlobalSection(SolutionProperties) = preSolution
		HideSolutionNode = FALSE
	EndGlobalSection
	GlobalSection(MonoDevelopProperties) = preSolution
		StartupItem = PrototypeRPG.Mac\PrototypeRPG.Mac.csproj
	EndGlobalSection
EndGlobal
